
Microsoft Visual Studio Solution File, Format Version 12.00
# Visual Studio 2013
VisualStudioVersion = 12.0.31101.0
MinimumVisualStudioVersion = 10.0.40219.1
Project("{FAE04EC0-301F-11D3-BF4B-00C04F79EFBC}") = "StandardQueue", "StandardQueue\StandardQueue.csproj", "{20FB0532-D07F-4B42-84E9-12C8FA28E9D6}"
EndProject
Project("{2150E333-8FDC-42A3-9474-1A3956D46DE8}") = "1. Basic Queue", "1. Basic Queue", "{D5FBEED0-2C5C-494F-8836-EFAEF5221425}"
EndProject
Project("{2150E333-8FDC-42A3-9474-1A3956D46DE8}") = "2. Worker Queue", "2. Worker Queue", "{3642D857-0E07-49AB-A0A6-F198845B5527}"
EndProject
Project("{FAE04EC0-301F-11D3-BF4B-00C04F79EFBC}") = "WorkerQueue_Producer", "WorkerQueue_Producer\WorkerQueue_Producer.csproj", "{0D85B074-15A2-4D02-AEA8-68FD64457188}"
EndProject
Project("{FAE04EC0-301F-11D3-BF4B-00C04F79EFBC}") = "WorkerQueue_Consumer", "WorkerQueue_Consumer\WorkerQueue_Consumer.csproj", "{6267F935-8015-4AE2-90BC-0E90D12F06B2}"
EndProject
Project("{FAE04EC0-301F-11D3-BF4B-00C04F79EFBC}") = "Common", "Common\Common.csproj", "{7FE3DB48-6952-4C56-9526-6B204A5D0E32}"
EndProject
Project("{2150E333-8FDC-42A3-9474-1A3956D46DE8}") = "3. Publish Subscribe", "3. Publish Subscribe", "{049BD11F-7F71-4662-84A5-9EE3C83D9415}"
EndProject
Project("{FAE04EC0-301F-11D3-BF4B-00C04F79EFBC}") = "PublishSubscribe_Publisher", "PublishSubscribe_Publisher\PublishSubscribe_Publisher.csproj", "{DE13B78F-A112-4D3E-B956-09C0B5A07F2E}"
EndProject
Project("{FAE04EC0-301F-11D3-BF4B-00C04F79EFBC}") = "PublishSubscribe_Subscriber", "PublishSubscribe_Subscriber\PublishSubscribe_Subscriber.csproj", "{136F2F88-93D2-494C-86D7-49DACF3D4DD6}"
EndProject
Project("{2150E333-8FDC-42A3-9474-1A3956D46DE8}") = "4. Direct Routing", "4. Direct Routing", "{DFCA6D13-19A1-41FD-9581-C78FDD670671}"
EndProject
Project("{FAE04EC0-301F-11D3-BF4B-00C04F79EFBC}") = "DirectRouting_Publisher", "DirectRouting_Publisher\DirectRouting_Publisher.csproj", "{BCA581BD-0631-486E-8E35-C6514C23577F}"
EndProject
Project("{FAE04EC0-301F-11D3-BF4B-00C04F79EFBC}") = "DirectRouting_Subscriber1", "DirectRouting_Subscriber1\DirectRouting_Subscriber1.csproj", "{596F6DF9-4791-49F9-B6FC-46C0F7859397}"
EndProject
Project("{FAE04EC0-301F-11D3-BF4B-00C04F79EFBC}") = "DirectRouting_Subscriber2", "DirectRouting_Subscriber2\DirectRouting_Subscriber2.csproj", "{441041F6-265C-4BC1-A6BA-B56BF24CBB3C}"
EndProject
Project("{2150E333-8FDC-42A3-9474-1A3956D46DE8}") = "5. Topic Based Publish Subscribe", "5. Topic Based Publish Subscribe", "{C075A62C-3E6A-4176-BFB4-9E7FE3B9590A}"
EndProject
Project("{FAE04EC0-301F-11D3-BF4B-00C04F79EFBC}") = "Topic_Publisher", "Topic_Publisher\Topic_Publisher.csproj", "{6D5C950C-3FAD-4C2E-9EA7-41C9CA557889}"
EndProject
Project("{FAE04EC0-301F-11D3-BF4B-00C04F79EFBC}") = "Topic_Subscriber1", "Topic_Subscriber1\Topic_Subscriber1.csproj", "{1CC45B58-39D1-4019-B08A-3599F4B212C3}"
EndProject
Project("{FAE04EC0-301F-11D3-BF4B-00C04F79EFBC}") = "Topic_Subscriber2", "Topic_Subscriber2\Topic_Subscriber2.csproj", "{F38FA3B2-0A9C-44A0-ADBE-DA0553EE328D}"
EndProject
Project("{FAE04EC0-301F-11D3-BF4B-00C04F79EFBC}") = "Topic_Subscriber3", "Topic_Subscriber3\Topic_Subscriber3.csproj", "{48CF5325-EBA5-4372-AF94-DCC014EFA315}"
EndProject
Project("{2150E333-8FDC-42A3-9474-1A3956D46DE8}") = "6. Remote Procedure Call", "6. Remote Procedure Call", "{B525ED56-806F-48E8-A942-FC371CD8316F}"
EndProject
Project("{FAE04EC0-301F-11D3-BF4B-00C04F79EFBC}") = "RPC Client", "RPC Client\RPC Client.csproj", "{1D1F9179-CE64-4276-B6FF-1B092F8C55FF}"
EndProject
Project("{FAE04EC0-301F-11D3-BF4B-00C04F79EFBC}") = "RPC Server", "RPC Server\RPC Server.csproj", "{2DDEE8F9-C46C-4410-8985-C7D1D81639BE}"
EndProject
Global
	GlobalSection(SolutionConfigurationPlatforms) = preSolution
		Debug|Any CPU = Debug|Any CPU
		Release|Any CPU = Release|Any CPU
	EndGlobalSection
	GlobalSection(ProjectConfigurationPlatforms) = postSolution
		{20FB0532-D07F-4B42-84E9-12C8FA28E9D6}.Debug|Any CPU.ActiveCfg = Debug|Any CPU
		{20FB0532-D07F-4B42-84E9-12C8FA28E9D6}.Debug|Any CPU.Build.0 = Debug|Any CPU
		{20FB0532-D07F-4B42-84E9-12C8FA28E9D6}.Release|Any CPU.ActiveCfg = Release|Any CPU
		{20FB0532-D07F-4B42-84E9-12C8FA28E9D6}.Release|Any CPU.Build.0 = Release|Any CPU
		{0D85B074-15A2-4D02-AEA8-68FD64457188}.Debug|Any CPU.ActiveCfg = Debug|Any CPU
		{0D85B074-15A2-4D02-AEA8-68FD64457188}.Debug|Any CPU.Build.0 = Debug|Any CPU
		{0D85B074-15A2-4D02-AEA8-68FD64457188}.Release|Any CPU.ActiveCfg = Release|Any CPU
		{0D85B074-15A2-4D02-AEA8-68FD64457188}.Release|Any CPU.Build.0 = Release|Any CPU
		{6267F935-8015-4AE2-90BC-0E90D12F06B2}.Debug|Any CPU.ActiveCfg = Debug|Any CPU
		{6267F935-8015-4AE2-90BC-0E90D12F06B2}.Debug|Any CPU.Build.0 = Debug|Any CPU
		{6267F935-8015-4AE2-90BC-0E90D12F06B2}.Release|Any CPU.ActiveCfg = Release|Any CPU
		{6267F935-8015-4AE2-90BC-0E90D12F06B2}.Release|Any CPU.Build.0 = Release|Any CPU
		{7FE3DB48-6952-4C56-9526-6B204A5D0E32}.Debug|Any CPU.ActiveCfg = Debug|Any CPU
		{7FE3DB48-6952-4C56-9526-6B204A5D0E32}.Debug|Any CPU.Build.0 = Debug|Any CPU
		{7FE3DB48-6952-4C56-9526-6B204A5D0E32}.Release|Any CPU.ActiveCfg = Release|Any CPU
		{7FE3DB48-6952-4C56-9526-6B204A5D0E32}.Release|Any CPU.Build.0 = Release|Any CPU
		{DE13B78F-A112-4D3E-B956-09C0B5A07F2E}.Debug|Any CPU.ActiveCfg = Debug|Any CPU
		{DE13B78F-A112-4D3E-B956-09C0B5A07F2E}.Debug|Any CPU.Build.0 = Debug|Any CPU
		{DE13B78F-A112-4D3E-B956-09C0B5A07F2E}.Release|Any CPU.ActiveCfg = Release|Any CPU
		{DE13B78F-A112-4D3E-B956-09C0B5A07F2E}.Release|Any CPU.Build.0 = Release|Any CPU
		{136F2F88-93D2-494C-86D7-49DACF3D4DD6}.Debug|Any CPU.ActiveCfg = Debug|Any CPU
		{136F2F88-93D2-494C-86D7-49DACF3D4DD6}.Debug|Any CPU.Build.0 = Debug|Any CPU
		{136F2F88-93D2-494C-86D7-49DACF3D4DD6}.Release|Any CPU.ActiveCfg = Release|Any CPU
		{136F2F88-93D2-494C-86D7-49DACF3D4DD6}.Release|Any CPU.Build.0 = Release|Any CPU
		{BCA581BD-0631-486E-8E35-C6514C23577F}.Debug|Any CPU.ActiveCfg = Debug|Any CPU
		{BCA581BD-0631-486E-8E35-C6514C23577F}.Debug|Any CPU.Build.0 = Debug|Any CPU
		{BCA581BD-0631-486E-8E35-C6514C23577F}.Release|Any CPU.ActiveCfg = Release|Any CPU
		{BCA581BD-0631-486E-8E35-C6514C23577F}.Release|Any CPU.Build.0 = Release|Any CPU
		{596F6DF9-4791-49F9-B6FC-46C0F7859397}.Debug|Any CPU.ActiveCfg = Debug|Any CPU
		{596F6DF9-4791-49F9-B6FC-46C0F7859397}.Debug|Any CPU.Build.0 = Debug|Any CPU
		{596F6DF9-4791-49F9-B6FC-46C0F7859397}.Release|Any CPU.ActiveCfg = Release|Any CPU
		{596F6DF9-4791-49F9-B6FC-46C0F7859397}.Release|Any CPU.Build.0 = Release|Any CPU
		{441041F6-265C-4BC1-A6BA-B56BF24CBB3C}.Debug|Any CPU.ActiveCfg = Debug|Any CPU
		{441041F6-265C-4BC1-A6BA-B56BF24CBB3C}.Debug|Any CPU.Build.0 = Debug|Any CPU
		{441041F6-265C-4BC1-A6BA-B56BF24CBB3C}.Release|Any CPU.ActiveCfg = Release|Any CPU
		{441041F6-265C-4BC1-A6BA-B56BF24CBB3C}.Release|Any CPU.Build.0 = Release|Any CPU
		{6D5C950C-3FAD-4C2E-9EA7-41C9CA557889}.Debug|Any CPU.ActiveCfg = Debug|Any CPU
		{6D5C950C-3FAD-4C2E-9EA7-41C9CA557889}.Debug|Any CPU.Build.0 = Debug|Any CPU
		{6D5C950C-3FAD-4C2E-9EA7-41C9CA557889}.Release|Any CPU.ActiveCfg = Release|Any CPU
		{6D5C950C-3FAD-4C2E-9EA7-41C9CA557889}.Release|Any CPU.Build.0 = Release|Any CPU
		{1CC45B58-39D1-4019-B08A-3599F4B212C3}.Debug|Any CPU.ActiveCfg = Debug|Any CPU
		{1CC45B58-39D1-4019-B08A-3599F4B212C3}.Debug|Any CPU.Build.0 = Debug|Any CPU
		{1CC45B58-39D1-4019-B08A-3599F4B212C3}.Release|Any CPU.ActiveCfg = Release|Any CPU
		{1CC45B58-39D1-4019-B08A-3599F4B212C3}.Release|Any CPU.Build.0 = Release|Any CPU
		{F38FA3B2-0A9C-44A0-ADBE-DA0553EE328D}.Debug|Any CPU.ActiveCfg = Debug|Any CPU
		{F38FA3B2-0A9C-44A0-ADBE-DA0553EE328D}.Debug|Any CPU.Build.0 = Debug|Any CPU
		{F38FA3B2-0A9C-44A0-ADBE-DA0553EE328D}.Release|Any CPU.ActiveCfg = Release|Any CPU
		{F38FA3B2-0A9C-44A0-ADBE-DA0553EE328D}.Release|Any CPU.Build.0 = Release|Any CPU
		{48CF5325-EBA5-4372-AF94-DCC014EFA315}.Debug|Any CPU.ActiveCfg = Debug|Any CPU
		{48CF5325-EBA5-4372-AF94-DCC014EFA315}.Debug|Any CPU.Build.0 = Debug|Any CPU
		{48CF5325-EBA5-4372-AF94-DCC014EFA315}.Release|Any CPU.ActiveCfg = Release|Any CPU
		{48CF5325-EBA5-4372-AF94-DCC014EFA315}.Release|Any CPU.Build.0 = Release|Any CPU
		{1D1F9179-CE64-4276-B6FF-1B092F8C55FF}.Debug|Any CPU.ActiveCfg = Debug|Any CPU
		{1D1F9179-CE64-4276-B6FF-1B092F8C55FF}.Debug|Any CPU.Build.0 = Debug|Any CPU
		{1D1F9179-CE64-4276-B6FF-1B092F8C55FF}.Release|Any CPU.ActiveCfg = Release|Any CPU
		{1D1F9179-CE64-4276-B6FF-1B092F8C55FF}.Release|Any CPU.Build.0 = Release|Any CPU
		{2DDEE8F9-C46C-4410-8985-C7D1D81639BE}.Debug|Any CPU.ActiveCfg = Debug|Any CPU
		{2DDEE8F9-C46C-4410-8985-C7D1D81639BE}.Debug|Any CPU.Build.0 = Debug|Any CPU
		{2DDEE8F9-C46C-4410-8985-C7D1D81639BE}.Release|Any CPU.ActiveCfg = Release|Any CPU
		{2DDEE8F9-C46C-4410-8985-C7D1D81639BE}.Release|Any CPU.Build.0 = Release|Any CPU
	EndGlobalSection
	GlobalSection(SolutionProperties) = preSolution
		HideSolutionNode = FALSE
	EndGlobalSection
	GlobalSection(NestedProjects) = preSolution
		{20FB0532-D07F-4B42-84E9-12C8FA28E9D6} = {D5FBEED0-2C5C-494F-8836-EFAEF5221425}
		{0D85B074-15A2-4D02-AEA8-68FD64457188} = {3642D857-0E07-49AB-A0A6-F198845B5527}
		{6267F935-8015-4AE2-90BC-0E90D12F06B2} = {3642D857-0E07-49AB-A0A6-F198845B5527}
		{DE13B78F-A112-4D3E-B956-09C0B5A07F2E} = {049BD11F-7F71-4662-84A5-9EE3C83D9415}
		{136F2F88-93D2-494C-86D7-49DACF3D4DD6} = {049BD11F-7F71-4662-84A5-9EE3C83D9415}
		{BCA581BD-0631-486E-8E35-C6514C23577F} = {DFCA6D13-19A1-41FD-9581-C78FDD670671}
		{596F6DF9-4791-49F9-B6FC-46C0F7859397} = {DFCA6D13-19A1-41FD-9581-C78FDD670671}
		{441041F6-265C-4BC1-A6BA-B56BF24CBB3C} = {DFCA6D13-19A1-41FD-9581-C78FDD670671}
		{6D5C950C-3FAD-4C2E-9EA7-41C9CA557889} = {C075A62C-3E6A-4176-BFB4-9E7FE3B9590A}
		{1CC45B58-39D1-4019-B08A-3599F4B212C3} = {C075A62C-3E6A-4176-BFB4-9E7FE3B9590A}
		{F38FA3B2-0A9C-44A0-ADBE-DA0553EE328D} = {C075A62C-3E6A-4176-BFB4-9E7FE3B9590A}
		{48CF5325-EBA5-4372-AF94-DCC014EFA315} = {C075A62C-3E6A-4176-BFB4-9E7FE3B9590A}
		{1D1F9179-CE64-4276-B6FF-1B092F8C55FF} = {B525ED56-806F-48E8-A942-FC371CD8316F}
		{2DDEE8F9-C46C-4410-8985-C7D1D81639BE} = {B525ED56-806F-48E8-A942-FC371CD8316F}
	EndGlobalSection
EndGlobal
